
Microsoft Visual Studio Solution File, Format Version 12.00
# Visual Studio Version 16
VisualStudioVersion = 16.0.30128.74
MinimumVisualStudioVersion = 10.0.40219.1
Project("{FAE04EC0-301F-11D3-BF4B-00C04F79EFBC}") = "ClickerGame", "ClickerGame\ClickerGame.csproj", "{D9E72C4A-A243-4968-A9BB-4375DFD6BF4D}"
EndProject
Global
	GlobalSection(SolutionConfigurationPlatforms) = preSolution
		Debug|Any CPU = Debug|Any CPU
		Release|Any CPU = Release|Any CPU
	EndGlobalSection
	GlobalSection(ProjectConfigurationPlatforms) = postSolution
		{D9E72C4A-A243-4968-A9BB-4375DFD6BF4D}.Debug|Any CPU.ActiveCfg = Debug|Any CPU
		{D9E72C4A-A243-4968-A9BB-4375DFD6BF4D}.Debug|Any CPU.Build.0 = Debug|Any CPU
		{D9E72C4A-A243-4968-A9BB-4375DFD6BF4D}.Release|Any CPU.ActiveCfg = Release|Any CPU
		{D9E72C4A-A243-4968-A9BB-4375DFD6BF4D}.Release|Any CPU.Build.0 = Release|Any CPU
	EndGlobalSection
	GlobalSection(SolutionProperties) = preSolution
		HideSolutionNode = FALSE
	EndGlobalSection
	GlobalSection(ExtensibilityGlobals) = postSolution
		SolutionGuid = {FE625F23-13C4-4590-B2F5-5411DD63DC19}
	EndGlobalSection
EndGlobal
